
Microsoft Visual Studio Solution File, Format Version 12.00
# Visual Studio 15
VisualStudioVersion = 15.0.27130.2036
MinimumVisualStudioVersion = 10.0.40219.1
Project("{8BC9CEB8-8B4A-11D0-8D11-00A0C91BC942}") = "YsaMulti", "YsaMulti\YsaMulti.vcxproj", "{527421B0-C934-4D84-B32A-75348E2A9534}"
EndProject
Global
	GlobalSection(SolutionConfigurationPlatforms) = preSolution
		Debug|x64 = Debug|x64
		Debug|x86 = Debug|x86
		Release|x64 = Release|x64
		Release|x86 = Release|x86
	EndGlobalSection
	GlobalSection(ProjectConfigurationPlatforms) = postSolution
		{527421B0-C934-4D84-B32A-75348E2A9534}.Debug|x64.ActiveCfg = Debug|x64
		{527421B0-C934-4D84-B32A-75348E2A9534}.Debug|x64.Build.0 = Debug|x64
		{527421B0-C934-4D84-B32A-75348E2A9534}.Debug|x86.ActiveCfg = Debug|Win32
		{527421B0-C934-4D84-B32A-75348E2A9534}.Debug|x86.Build.0 = Debug|Win32
		{527421B0-C934-4D84-B32A-75348E2A9534}.Release|x64.ActiveCfg = Release|x64
		{527421B0-C934-4D84-B32A-75348E2A9534}.Release|x64.Build.0 = Release|x64
		{527421B0-C934-4D84-B32A-75348E2A9534}.Release|x86.ActiveCfg = Release|Win32
		{527421B0-C934-4D84-B32A-75348E2A9534}.Release|x86.Build.0 = Release|Win32
	EndGlobalSection
	GlobalSection(SolutionProperties) = preSolution
		HideSolutionNode = FALSE
	EndGlobalSection
	GlobalSection(ExtensibilityGlobals) = postSolution
		SolutionGuid = {32D3A984-F666-4256-BBCE-6F714ADF9F94}
	EndGlobalSection
EndGlobal
